{
  "name": "apexmatch",
  "version": "1.0.0",
  "lockfileVersion": 3,
  "requires": true,
  "packages": {
    "": {
      "name": "apexmatch",
      "version": "1.0.0",
      "license": "UNLICENSED",
      "dependencies": {
        "@headlessui/react": "^1.7.17",
        "@heroicons/react": "^2.0.18",
        "@hookform/resolvers": "^3.3.2",
        "@next/bundle-analyzer": "^14.0.3",
        "@radix-ui/react-avatar": "^1.0.4",
        "@radix-ui/react-dialog": "^1.0.5",
        "@radix-ui/react-dropdown-menu": "^2.0.6",
        "@radix-ui/react-label": "^2.0.2",
        "@radix-ui/react-popover": "^1.0.7",
        "@radix-ui/react-progress": "^1.0.3",
        "@radix-ui/react-select": "^2.0.0",
        "@radix-ui/react-separator": "^1.0.3",
        "@radix-ui/react-slider": "^1.1.2",
        "@radix-ui/react-switch": "^1.0.3",
        "@radix-ui/react-tabs": "^1.0.4",
        "@radix-ui/react-toast": "^1.1.5",
        "@radix-ui/react-tooltip": "^1.0.7",
        "@stripe/react-stripe-js": "^2.4.0",
        "@stripe/stripe-js": "^2.2.2",
        "@tanstack/react-query": "^5.8.4",
        "@types/node": "^20.10.0",
        "@types/react": "^18.2.39",
        "@types/react-dom": "^18.2.17",
        "axios": "^1.6.2",
        "class-variance-authority": "^0.7.0",
        "clsx": "^2.0.0",
        "cmdk": "^0.2.0",
        "date-fns": "^2.30.0",
        "framer-motion": "^10.16.5",
        "lottie-react": "^2.4.0",
        "lucide-react": "^0.294.0",
        "next": "^14.0.3",
        "next-auth": "^4.24.5",
        "next-themes": "^0.2.1",
        "react": "^18.2.0",
        "react-dom": "^18.2.0",
        "react-dropzone": "^14.2.3",
        "react-hook-form": "^7.48.2",
        "react-hot-toast": "^2.4.1",
        "react-intersection-observer": "^9.5.3",
        "react-use-websocket": "^4.8.1",
        "recharts": "^2.8.0",
        "socket.io-client": "^4.7.4",
        "tailwind-merge": "^2.0.0",
        "tailwindcss-animate": "^1.0.7",
        "typescript": "^5.3.2",
        "zod": "^3.22.4",
        "zustand": "^4.4.7"
      },
      "devDependencies": {
        "@chromatic-com/storybook": "^1.0.0",
        "@eslint/eslintrc": "^2.1.4",
        "@next/eslint-config-next": "^14.0.3",
        "@playwright/test": "^1.40.1",
        "@storybook/addon-essentials": "^7.6.3",
        "@storybook/addon-interactions": "^7.6.3",
        "@storybook/addon-links": "^7.6.3",
        "@storybook/addon-onboarding": "^1.0.8",
        "@storybook/blocks": "^7.6.3",
        "@storybook/nextjs": "^7.6.3",
        "@storybook/react": "^7.6.3",
        "@storybook/test": "^7.6.3",
        "@tailwindcss/aspect-ratio": "^0.4.2",
        "@tailwindcss/forms": "^0.5.7",
        "@tailwindcss/typography": "^0.5.10",
        "@testing-library/jest-dom": "^6.1.5",
        "@testing-library/react": "^14.1.2",
        "@testing-library/user-event": "^14.5.1",
        "@types/jest": "^29.5.8",
        "@types/testing-library__jest-dom": "^6.0.0",
        "@typescript-eslint/eslint-plugin": "^6.13.1",
        "@typescript-eslint/parser": "^6.13.1",
        "autoprefixer": "^10.4.16",
        "cross-env": "^7.0.3",
        "eslint": "^8.54.0",
        "eslint-config-next": "^14.0.3",
        "eslint-config-prettier": "^9.0.0",
        "eslint-plugin-import": "^2.29.0",
        "eslint-plugin-jsx-a11y": "^6.8.0",
        "eslint-plugin-prettier": "^5.0.1",
        "eslint-plugin-react": "^7.33.2",
        "eslint-plugin-react-hooks": "^4.6.0",
        "eslint-plugin-storybook": "^0.6.15",
        "husky": "^8.0.3",
        "jest": "^29.7.0",
        "jest-environment-jsdom": "^29.7.0",
        "lint-staged": "^15.1.0",
        "patch-package": "^8.0.0",
        "postcss": "^8.4.32",
        "prettier": "^3.1.0",
        "prettier-plugin-tailwindcss": "^0.5.7",
        "storybook": "^7.6.3",
        "tailwindcss": "^3.3.6",
        "webpack": "^5.89.0"
      },
      "engines": {
        "node": ">=18.0.0",
        "npm": ">=8.0.0"
      }
    },
    "node_modules/@headlessui/react": {
      "version": "1.7.17",
      "resolved": "https://registry.npmjs.org/@headlessui/react/-/react-1.7.17.tgz",
      "integrity": "sha512-4am+tzvkqDSSgiwrsEpGWqgGo9dz8qU5M3znCkC4PgkpY4HcCZzEDEvozltGGGHIKl9jbXbZPSH5TWn4sWJdyw==",
      "dependencies": {
        "client-only": "^0.0.1"
      },
      "engines": {
        "node": ">=10"
      },
      "peerDependencies": {
        "react": "^16 || ^17 || ^18",
        "react-dom": "^16 || ^17 || ^18"
      }
    },
    "node_modules/@heroicons/react": {
      "version": "2.0.18",
      "resolved": "https://registry.npmjs.org/@heroicons/react/-/react-2.0.18.tgz",
      "integrity": "sha512-7TyMjRrZZMBPa+/5Y8lN0iyvUU/01PeMGX2+RE7cQWpEUIcb4QotzUObFkJDejj/HUH4qjP/eQ0gzzKs2f+6Yw==",
      "peerDependencies": {
        "react": ">= 16"
      }
    },
    "node_modules/@hookform/resolvers": {
      "version": "3.3.2",
      "resolved": "https://registry.npmjs.org/@hookform/resolvers/-/resolvers-3.3.2.tgz",
      "integrity": "sha512-JATnGfRNG5jTgvFYPj8rNNV5OTgJjILwTIJFBOXJOj8I6z3sMxFu2jEMKGf82pIXn/VdLdT0mhxQM/VYbM4aXg==",
      "peerDependencies": {
        "react-hook-form": "^7.0.0"
      }
    },
    "node_modules/@next/bundle-analyzer": {
      "version": "14.0.3",
      "resolved": "https://registry.npmjs.org/@next/bundle-analyzer/-/bundle-analyzer-14.0.3.tgz",
      "integrity": "sha512-KMR40j8g1j+PHPe3/HCBJCiXv7vlgr4SWEfzDzI2WvhxaVjKd1lc6Qkr7wZqUYDvUrKK24IXlNw4ojHLp6r6w==",
      "dependencies": {
        "webpack-bundle-analyzer": "4.9.1"
      }
    },
    "node_modules/@radix-ui/react-avatar": {
      "version": "1.0.4",
      "resolved": "https://registry.npmjs.org/@radix-ui/react-avatar/-/react-avatar-1.0.4.tgz",
      "integrity": "sha512-kVK2K7x9BbhWrJJIrdHdFOPaq2SZQvBIJXhEZ2c9cMYnrZk5++/nCpQi2CIXHU2T5h8oJmNQnlAJ3i7TfnC3w==",
      "dependencies": {
        "@babel/runtime": "^7.13.10",
        "@radix-ui/react-context": "1.0.1",
        "@radix-ui/react-primitive": "1.0.3",
        "@radix-ui/react-use-callback-ref": "1.0.1",
        "@radix-ui/react-use-layout-effect": "1.0.1"
      },
      "peerDependencies": {
        "@types/react": "*",
        "@types/react-dom": "*",
        "react": "^16.8 || ^17.0 || ^18.0",
        "react-dom": "^16.8 || ^17.0 || ^18.0"
      }
    },
    "node_modules/@stripe/react-stripe-js": {
      "version": "2.4.0",
      "resolved": "https://registry.npmjs.org/@stripe/react-stripe-js/-/react-stripe-js-2.4.0.tgz",
      "integrity": "sha512-EQDxCOTHJSa3RBh8Yv2hH4KKd5qYYl/cZI7SFmFUngHhJCynEQk3NtRBaJhGcJqvCjhDZDyKuwqOjfOHr4vWw==",
      "dependencies": {
        "prop-types": "^15.7.2"
      },
      "peerDependencies": {
        "@stripe/stripe-js": "^1.54.0 || ^2.0.0",
        "react": "^16.8.0 || ^17.0.0 || ^18.0.0",
        "react-dom": "^16.8.0 || ^17.0.0 || ^18.0.0"
      }
    },
    "node_modules/@stripe/stripe-js": {
      "version": "2.2.2",
      "resolved": "https://registry.npmjs.org/@stripe/stripe-js/-/stripe-js-2.2.2.tgz",
      "integrity": "sha512-3rqvhQ8XMm8hZOLuGdE2QO+X7xDjPo79RUYkfC8AQgpDfyzv+v0BRMazMiYQWABqj3P0KhF4mWILjXE1xjK36w=="
    },
    "node_modules/@tanstack/react-query": {
      "version": "5.8.4",
      "resolved": "https://registry.npmjs.org/@tanstack/react-query/-/react-query-5.8.4.tgz",
      "integrity": "sha512-cz/eiuawBMLKm4QoueClr3MfmOj1a6NRZO6s/qpwYhEJo8AsCTDOJU3T4KK7E7cWAYzLDSLH8hEKOD/HY0lXA==",
      "dependencies": {
        "@tanstack/query-core": "5.8.4"
      },
      "funding": {
        "type": "github",
        "url": "https://github.com/sponsors/tannerlinsley"
      },
      "peerDependencies": {
        "react": "^16.8.0 || ^17.0.0 || ^18.0.0"
      }
    },
    "node_modules/axios": {
      "version": "1.6.2",
      "resolved": "https://registry.npmjs.org/axios/-/axios-1.6.2.tgz",
      "integrity": "sha512-7i24Ri4pmDRfJTR7LDBhsOTtcm+9kjX5WiY1X3wIisx6G9So3pfMkEiU7emUBe46oceVImccTEM3k6C5dbVW8A==",
      "dependencies": {
        "follow-redirects": "^1.15.0",
        "form-data": "^4.0.0",
        "proxy-from-env": "^1.1.0"
      }
    },
    "node_modules/clsx": {
      "version": "2.0.0",
      "resolved": "https://registry.npmjs.org/clsx/-/clsx-2.0.0.tgz",
      "integrity": "sha512-rQ1+kcj+ttHG0MKVGBUXwayCCF1oh39BF5COIpRzuCEv8Mwjv0XucrI2ExNTOn9IlLifGClWQcU9BrZORvtw6Q==",
      "engines": {
        "node": ">=6"
      }
    },
    "node_modules/framer-motion": {
      "version": "10.16.5",
      "resolved": "https://registry.npmjs.org/framer-motion/-/framer-motion-10.16.5.tgz",
      "integrity": "sha512-ppaUIJAlfi2lIKJaGepnbdOqnihgdLM2grgQcTrlCOF5zPM+HZDCQaziFr6Fbi1KeCWVoOKlbUKHoYZLdLWtQA==",
      "dependencies": {
        "tslib": "^2.4.0"
      },
      "optionalDependencies": {
        "@emotion/is-prop-valid": "^0.8.2"
      },
      "peerDependencies": {
        "react": "^18.0.0",
        "react-dom": "^18.0.0"
      }
    },
    "node_modules/lucide-react": {
      "version": "0.294.0",
      "resolved": "https://registry.npmjs.org/lucide-react/-/lucide-react-0.294.0.tgz",
      "integrity": "sha512-SaSiX6hDFnvvnbgsG/m9z4xNXk+bG8tWOhVOQdGBLdjyM4FJ6ELa0Z1pOjlhYzR2OopcLNX5hKjRdnWv7Bgsw==",
      "peerDependencies": {
        "react": "^16.5.1 || ^17.0.0 || ^18.0.0"
      }
    },
    "node_modules/next": {
      "version": "14.0.3",
      "resolved": "https://registry.npmjs.org/next/-/next-14.0.3.tgz",
      "integrity": "sha512-AbgVhbfI2eiXTyYQmk67TU5VvgLAdIhGBdU+VWi1gQ3xTNzb3tNzT1Y9kzIJYfR6tE2ESuNxkS4a+5WY1sZqWw==",
      "dependencies": {
        "@next/env": "14.0.3",
        "@swc/helpers": "0.5.2",
        "busboy": "1.6.0",
        "caniuse-lite": "^1.0.30001406",
        "postcss": "8.4.31",
        "styled-jsx": "5.1.1",
        "watchpack": "2.4.0"
      },
      "bin": {
        "next": "dist/bin/next"
      },
      "engines": {
        "node": ">=18.17.0"
      },
      "optionalDependencies": {
        "@next/swc-darwin-arm64": "14.0.3",
        "@next/swc-darwin-x64": "14.0.3",
        "@next/swc-linux-arm64-gnu": "14.0.3",
        "@next/swc-linux-arm64-musl": "14.0.3",
        "@next/swc-linux-x64-gnu": "14.0.3",
        "@next/swc-linux-x64-musl": "14.0.3",
        "@next/swc-win32-arm64-msvc": "14.0.3",
        "@next/swc-win32-ia32-msvc": "14.0.3",
        "@next/swc-win32-x64-msvc": "14.0.3"
      },
      "peerDependencies": {
        "@opentelemetry/api": "^1.1.0",
        "react": "^18.2.0",
        "react-dom": "^18.2.0",
        "sass": "^1.3.0"
      }
    },
    "node_modules/react": {
      "version": "18.2.0",
      "resolved": "https://registry.npmjs.org/react/-/react-18.2.0.tgz",
      "integrity": "sha512-/3IjMdb2L9QbBdWiW5e3P2/npwMBaU9mHCSCUzNln0ZCYbcfTsGbTJrU/kGemdH2IWmB2ioZ+zkxtmq6g09fGQ==",
      "dependencies": {
        "loose-envify": "^1.1.0"
      },
      "engines": {
        "node": ">=0.10.0"
      }
    },
    "node_modules/react-dom": {
      "version": "18.2.0",
      "resolved": "https://registry.npmjs.org/react-dom/-/react-dom-18.2.0.tgz",
      "integrity": "sha512-6IMTriUmvsjHUjNtEDudZfuDQUoWXVxKHhlEGSk81n4YFS+r/Kl99wXiwlVXtPBtJenozv2P+hxDsw9eA7Xo6g==",
      "dependencies": {
        "loose-envify": "^1.1.0",
        "scheduler": "^0.23.0"
      },
      "peerDependencies": {
        "react": "^18.2.0"
      }
    },
    "node_modules/react-hook-form": {
      "version": "7.48.2",
      "resolved": "https://registry.npmjs.org/react-hook-form/-/react-hook-form-7.48.2.tgz",
      "integrity": "sha512-+SYAiBeQWu8e7PpDVqgfe/l5SIgF5VTHjYx7jzNXqQZo3mVaRVj8bx6NxCWI3RH8RhE6dvbH+8vEGqFrUe0UvA==",
      "engines": {
        "node": ">=12.22.0"
      },
      "funding": {
        "type": "opencollective",
        "url": "https://opencollective.com/react-hook-form"
      },
      "peerDependencies": {
        "react": "^16.8.0 || ^17 || ^18"
      }
    },
    "node_modules/socket.io-client": {
      "version": "4.7.4",
      "resolved": "https://registry.npmjs.org/socket.io-client/-/socket.io-client-4.7.4.tgz",
      "integrity": "sha512-DgxF9RIEOV3FUTKxVcqNI+ZhAOiQRDjNOcdWdrMQS9L5NMC+sOo/BF52hr5A0b5MjI3KqAg9YYOT1XcTmOOeKw==",
      "dependencies": {
        "@socket.io/component-emitter": "~3.1.0",
        "debug": "~4.3.2",
        "engine.io-client": "~6.5.2",
        "socket.io-parser": "~4.2.4"
      },
      "engines": {
        "node": ">=10.0.0"
      }
    },
    "node_modules/tailwindcss": {
      "version": "3.3.6",
      "resolved": "https://registry.npmjs.org/tailwindcss/-/tailwindcss-3.3.6.tgz",
      "integrity": "sha512-AKjF7qbbLvLaPieoKeTjG1+FyNZT6KaJMJPFeQyLfIp7l82ggH1fbHJSsxTtUvQAdGgkmUWZgHUi7Hs4Su9NUA==",
      "dependencies": {
        "@alloc/quick-lru": "^5.2.0",
        "arg": "^5.0.2",
        "chokidar": "^3.5.3",
        "didyoumean": "^1.2.2",
        "dlv": "^1.1.3",
        "fast-glob": "^3.3.0",
        "glob-parent": "^6.0.2",
        "is-glob": "^4.0.3",
        "jiti": "^1.19.1",
        "lilconfig": "^2.1.0",
        "micromatch": "^4.0.5",
        "normalize-path": "^3.0.0",
        "object-hash": "^3.0.0",
        "picocolors": "^1.0.0",
        "postcss": "^8.4.23",
        "postcss-import": "^15.1.0",
        "postcss-js": "^4.0.1",
        "postcss-load-config": "^4.0.1",
        "postcss-nested": "^6.0.1",
        "postcss-selector-parser": "^6.0.11",
        "resolve": "^1.22.2",
        "sucrase": "^3.32.0"
      },
      "bin": {
        "tailwind": "lib/cli.js",
        "tailwindcss": "lib/cli.js"
      },
      "engines": {
        "node": ">=14.0.0"
      }
    },
    "node_modules/typescript": {
      "version": "5.3.2",
      "resolved": "https://registry.npmjs.org/typescript/-/typescript-5.3.2.tgz",
      "integrity": "sha512-6l+RyNy7oAHDfxC4FzSJcz9vnjTKxrLpDG5M2Vu4SHRVNg6xzqZp6LYSR9zjqQTu8DU/f5xwxUdADOkbrIX2gQ==",
      "bin": {
        "tsc": "bin/tsc",
        "tsserver": "bin/tsserver"
      },
      "engines": {
        "node": ">=14.17"
      }
    },
    "node_modules/zod": {
      "version": "3.22.4",
      "resolved": "https://registry.npmjs.org/zod/-/zod-3.22.4.tgz",
      "integrity": "sha512-iC+8Io04lddc+mVqQ9AZ7OQ2MrUKGN+oIQyq1vemgt46jwCwLfhq7/pwnBnNXXXZb8VTVLKwp9EDkx+ryxIWmg==",
      "funding": {
        "url": "https://github.com/sponsors/colinhacks"
      }
    },
    "node_modules/zustand": {
      "version": "4.4.7",
      "resolved": "https://registry.npmjs.org/zustand/-/zustand-4.4.7.tgz",
      "integrity": "sha512-QFJWJMdlETcI69paJaiGECnhYaZr7BdlPR1bqgiD38c/bYEtzGr9QTK6zNqUgzMCaNmhB/GWe1t6QOYCKn3pAg==",
      "dependencies": {
        "use-sync-external-store": "1.2.0"
      },
      "engines": {
        "node": ">=12.7.0"
      },
      "peerDependencies": {
        "@types/react": ">=16.8",
        "immer": ">=9.0.6",
        "react": ">=16.8"
      }
    }
  }
}